
Microsoft Visual Studio Solution File, Format Version 12.00
# Visual Studio 2013
VisualStudioVersion = 12.0.30723.0
MinimumVisualStudioVersion = 10.0.40219.1
Project("{FAE04EC0-301F-11D3-BF4B-00C04F79EFBC}") = "MyWeather.WinPhone", "MyWeather\MyWeather.WinPhone\MyWeather.WinPhone.csproj", "{2B15F04D-5BEA-418E-B702-23C53ED718E5}"
EndProject
Project("{FAE04EC0-301F-11D3-BF4B-00C04F79EFBC}") = "MyWeather.iOS", "MyWeather\MyWeather.iOS\MyWeather.iOS.csproj", "{0D9636CD-6130-4C4E-8846-9AA8BCBB0536}"
EndProject
Project("{FAE04EC0-301F-11D3-BF4B-00C04F79EFBC}") = "MyWeather.Android", "MyWeather\MyWeather.Android\MyWeather.Android.csproj", "{476794C3-A75B-4926-8672-CB52A0526909}"
EndProject
Project("{D954291E-2A0B-460D-934E-DC6B0785DB48}") = "MyWeather", "MyWeather\MyWeather\MyWeather.shproj", "{22871026-C2FF-40B5-B717-2C8BBDEFDDF0}"
EndProject
Global
	GlobalSection(SharedMSBuildProjectFiles) = preSolution
		MyWeather\MyWeather\MyWeather.projitems*{22871026-c2ff-40b5-b717-2c8bbdefddf0}*SharedItemsImports = 13
		MyWeather\MyWeather\MyWeather.projitems*{0d9636cd-6130-4c4e-8846-9aa8bcbb0536}*SharedItemsImports = 4
		MyWeather\MyWeather\MyWeather.projitems*{476794c3-a75b-4926-8672-cb52a0526909}*SharedItemsImports = 4
		MyWeather\MyWeather\MyWeather.projitems*{2b15f04d-5bea-418e-b702-23c53ed718e5}*SharedItemsImports = 4
	EndGlobalSection
	GlobalSection(SolutionConfigurationPlatforms) = preSolution
		Ad-Hoc|Any CPU = Ad-Hoc|Any CPU
		Ad-Hoc|ARM = Ad-Hoc|ARM
		Ad-Hoc|iPhone = Ad-Hoc|iPhone
		Ad-Hoc|iPhoneSimulator = Ad-Hoc|iPhoneSimulator
		Ad-Hoc|Mixed Platforms = Ad-Hoc|Mixed Platforms
		Ad-Hoc|x86 = Ad-Hoc|x86
		AppStore|Any CPU = AppStore|Any CPU
		AppStore|ARM = AppStore|ARM
		AppStore|iPhone = AppStore|iPhone
		AppStore|iPhoneSimulator = AppStore|iPhoneSimulator
		AppStore|Mixed Platforms = AppStore|Mixed Platforms
		AppStore|x86 = AppStore|x86
		Debug|Any CPU = Debug|Any CPU
		Debug|ARM = Debug|ARM
		Debug|iPhone = Debug|iPhone
		Debug|iPhoneSimulator = Debug|iPhoneSimulator
		Debug|Mixed Platforms = Debug|Mixed Platforms
		Debug|x86 = Debug|x86
		Release|Any CPU = Release|Any CPU
		Release|ARM = Release|ARM
		Release|iPhone = Release|iPhone
		Release|iPhoneSimulator = Release|iPhoneSimulator
		Release|Mixed Platforms = Release|Mixed Platforms
		Release|x86 = Release|x86
	EndGlobalSection
	GlobalSection(ProjectConfigurationPlatforms) = postSolution
		{2B15F04D-5BEA-418E-B702-23C53ED718E5}.Ad-Hoc|Any CPU.ActiveCfg = Release|Any CPU
		{2B15F04D-5BEA-418E-B702-23C53ED718E5}.Ad-Hoc|Any CPU.Build.0 = Release|Any CPU
		{2B15F04D-5BEA-418E-B702-23C53ED718E5}.Ad-Hoc|Any CPU.Deploy.0 = Release|Any CPU
		{2B15F04D-5BEA-418E-B702-23C53ED718E5}.Ad-Hoc|ARM.ActiveCfg = Release|ARM
		{2B15F04D-5BEA-418E-B702-23C53ED718E5}.Ad-Hoc|ARM.Build.0 = Release|ARM
		{2B15F04D-5BEA-418E-B702-23C53ED718E5}.Ad-Hoc|ARM.Deploy.0 = Release|ARM
		{2B15F04D-5BEA-418E-B702-23C53ED718E5}.Ad-Hoc|iPhone.ActiveCfg = Release|Any CPU
		{2B15F04D-5BEA-418E-B702-23C53ED718E5}.Ad-Hoc|iPhoneSimulator.ActiveCfg = Release|Any CPU
		{2B15F04D-5BEA-418E-B702-23C53ED718E5}.Ad-Hoc|Mixed Platforms.ActiveCfg = Debug|ARM
		{2B15F04D-5BEA-418E-B702-23C53ED718E5}.Ad-Hoc|Mixed Platforms.Build.0 = Debug|ARM
		{2B15F04D-5BEA-418E-B702-23C53ED718E5}.Ad-Hoc|Mixed Platforms.Deploy.0 = Debug|ARM
		{2B15F04D-5BEA-418E-B702-23C53ED718E5}.Ad-Hoc|x86.ActiveCfg = Release|x86
		{2B15F04D-5BEA-418E-B702-23C53ED718E5}.Ad-Hoc|x86.Build.0 = Release|x86
		{2B15F04D-5BEA-418E-B702-23C53ED718E5}.Ad-Hoc|x86.Deploy.0 = Release|x86
		{2B15F04D-5BEA-418E-B702-23C53ED718E5}.AppStore|Any CPU.ActiveCfg = Release|Any CPU
		{2B15F04D-5BEA-418E-B702-23C53ED718E5}.AppStore|Any CPU.Build.0 = Release|Any CPU
		{2B15F04D-5BEA-418E-B702-23C53ED718E5}.AppStore|Any CPU.Deploy.0 = Release|Any CPU
		{2B15F04D-5BEA-418E-B702-23C53ED718E5}.AppStore|ARM.ActiveCfg = Release|ARM
		{2B15F04D-5BEA-418E-B702-23C53ED718E5}.AppStore|ARM.Build.0 = Release|ARM
		{2B15F04D-5BEA-418E-B702-23C53ED718E5}.AppStore|ARM.Deploy.0 = Release|ARM
		{2B15F04D-5BEA-418E-B702-23C53ED718E5}.AppStore|iPhone.ActiveCfg = Release|Any CPU
		{2B15F04D-5BEA-418E-B702-23C53ED718E5}.AppStore|iPhoneSimulator.ActiveCfg = Release|Any CPU
		{2B15F04D-5BEA-418E-B702-23C53ED718E5}.AppStore|Mixed Platforms.ActiveCfg = Release|ARM
		{2B15F04D-5BEA-418E-B702-23C53ED718E5}.AppStore|Mixed Platforms.Build.0 = Release|ARM
		{2B15F04D-5BEA-418E-B702-23C53ED718E5}.AppStore|Mixed Platforms.Deploy.0 = Release|ARM
		{2B15F04D-5BEA-418E-B702-23C53ED718E5}.AppStore|x86.ActiveCfg = Release|x86
		{2B15F04D-5BEA-418E-B702-23C53ED718E5}.AppStore|x86.Build.0 = Release|x86
		{2B15F04D-5BEA-418E-B702-23C53ED718E5}.AppStore|x86.Deploy.0 = Release|x86
		{2B15F04D-5BEA-418E-B702-23C53ED718E5}.Debug|Any CPU.ActiveCfg = Debug|Any CPU
		{2B15F04D-5BEA-418E-B702-23C53ED718E5}.Debug|Any CPU.Build.0 = Debug|Any CPU
		{2B15F04D-5BEA-418E-B702-23C53ED718E5}.Debug|Any CPU.Deploy.0 = Debug|Any CPU
		{2B15F04D-5BEA-418E-B702-23C53ED718E5}.Debug|ARM.ActiveCfg = Debug|ARM
		{2B15F04D-5BEA-418E-B702-23C53ED718E5}.Debug|ARM.Build.0 = Debug|ARM
		{2B15F04D-5BEA-418E-B702-23C53ED718E5}.Debug|ARM.Deploy.0 = Debug|ARM
		{2B15F04D-5BEA-418E-B702-23C53ED718E5}.Debug|iPhone.ActiveCfg = Debug|Any CPU
		{2B15F04D-5BEA-418E-B702-23C53ED718E5}.Debug|iPhoneSimulator.ActiveCfg = Debug|Any CPU
		{2B15F04D-5BEA-418E-B702-23C53ED718E5}.Debug|Mixed Platforms.ActiveCfg = Debug|x86
		{2B15F04D-5BEA-418E-B702-23C53ED718E5}.Debug|Mixed Platforms.Build.0 = Debug|x86
		{2B15F04D-5BEA-418E-B702-23C53ED718E5}.Debug|Mixed Platforms.Deploy.0 = Debug|x86
		{2B15F04D-5BEA-418E-B702-23C53ED718E5}.Debug|x86.ActiveCfg = Debug|x86
		{2B15F04D-5BEA-418E-B702-23C53ED718E5}.Debug|x86.Build.0 = Debug|x86
		{2B15F04D-5BEA-418E-B702-23C53ED718E5}.Debug|x86.Deploy.0 = Debug|x86
		{2B15F04D-5BEA-418E-B702-23C53ED718E5}.Release|Any CPU.ActiveCfg = Release|Any CPU
		{2B15F04D-5BEA-418E-B702-23C53ED718E5}.Release|Any CPU.Build.0 = Release|Any CPU
		{2B15F04D-5BEA-418E-B702-23C53ED718E5}.Release|Any CPU.Deploy.0 = Release|Any CPU
		{2B15F04D-5BEA-418E-B702-23C53ED718E5}.Release|ARM.ActiveCfg = Release|ARM
		{2B15F04D-5BEA-418E-B702-23C53ED718E5}.Release|ARM.Build.0 = Release|ARM
		{2B15F04D-5BEA-418E-B702-23C53ED718E5}.Release|ARM.Deploy.0 = Release|ARM
		{2B15F04D-5BEA-418E-B702-23C53ED718E5}.Release|iPhone.ActiveCfg = Release|Any CPU
		{2B15F04D-5BEA-418E-B702-23C53ED718E5}.Release|iPhoneSimulator.ActiveCfg = Release|Any CPU
		{2B15F04D-5BEA-418E-B702-23C53ED718E5}.Release|Mixed Platforms.ActiveCfg = Release|x86
		{2B15F04D-5BEA-418E-B702-23C53ED718E5}.Release|Mixed Platforms.Build.0 = Release|x86
		{2B15F04D-5BEA-418E-B702-23C53ED718E5}.Release|Mixed Platforms.Deploy.0 = Release|x86
		{2B15F04D-5BEA-418E-B702-23C53ED718E5}.Release|x86.ActiveCfg = Release|x86
		{2B15F04D-5BEA-418E-B702-23C53ED718E5}.Release|x86.Build.0 = Release|x86
		{2B15F04D-5BEA-418E-B702-23C53ED718E5}.Release|x86.Deploy.0 = Release|x86
		{0D9636CD-6130-4C4E-8846-9AA8BCBB0536}.Ad-Hoc|Any CPU.ActiveCfg = Ad-Hoc|iPhone
		{0D9636CD-6130-4C4E-8846-9AA8BCBB0536}.Ad-Hoc|ARM.ActiveCfg = Ad-Hoc|iPhone
		{0D9636CD-6130-4C4E-8846-9AA8BCBB0536}.Ad-Hoc|iPhone.ActiveCfg = Ad-Hoc|iPhone
		{0D9636CD-6130-4C4E-8846-9AA8BCBB0536}.Ad-Hoc|iPhone.Build.0 = Ad-Hoc|iPhone
		{0D9636CD-6130-4C4E-8846-9AA8BCBB0536}.Ad-Hoc|iPhone.Deploy.0 = Ad-Hoc|iPhone
		{0D9636CD-6130-4C4E-8846-9AA8BCBB0536}.Ad-Hoc|iPhoneSimulator.ActiveCfg = Ad-Hoc|iPhoneSimulator
		{0D9636CD-6130-4C4E-8846-9AA8BCBB0536}.Ad-Hoc|iPhoneSimulator.Build.0 = Ad-Hoc|iPhoneSimulator
		{0D9636CD-6130-4C4E-8846-9AA8BCBB0536}.Ad-Hoc|iPhoneSimulator.Deploy.0 = Ad-Hoc|iPhoneSimulator
		{0D9636CD-6130-4C4E-8846-9AA8BCBB0536}.Ad-Hoc|Mixed Platforms.ActiveCfg = Ad-Hoc|iPhoneSimulator
		{0D9636CD-6130-4C4E-8846-9AA8BCBB0536}.Ad-Hoc|Mixed Platforms.Build.0 = Ad-Hoc|iPhoneSimulator
		{0D9636CD-6130-4C4E-8846-9AA8BCBB0536}.Ad-Hoc|Mixed Platforms.Deploy.0 = Ad-Hoc|iPhoneSimulator
		{0D9636CD-6130-4C4E-8846-9AA8BCBB0536}.Ad-Hoc|x86.ActiveCfg = Ad-Hoc|iPhone
		{0D9636CD-6130-4C4E-8846-9AA8BCBB0536}.AppStore|Any CPU.ActiveCfg = AppStore|iPhone
		{0D9636CD-6130-4C4E-8846-9AA8BCBB0536}.AppStore|ARM.ActiveCfg = AppStore|iPhone
		{0D9636CD-6130-4C4E-8846-9AA8BCBB0536}.AppStore|iPhone.ActiveCfg = AppStore|iPhone
		{0D9636CD-6130-4C4E-8846-9AA8BCBB0536}.AppStore|iPhone.Build.0 = AppStore|iPhone
		{0D9636CD-6130-4C4E-8846-9AA8BCBB0536}.AppStore|iPhone.Deploy.0 = AppStore|iPhone
		{0D9636CD-6130-4C4E-8846-9AA8BCBB0536}.AppStore|iPhoneSimulator.ActiveCfg = AppStore|iPhoneSimulator
		{0D9636CD-6130-4C4E-8846-9AA8BCBB0536}.AppStore|iPhoneSimulator.Build.0 = AppStore|iPhoneSimulator
		{0D9636CD-6130-4C4E-8846-9AA8BCBB0536}.AppStore|iPhoneSimulator.Deploy.0 = AppStore|iPhoneSimulator
		{0D9636CD-6130-4C4E-8846-9AA8BCBB0536}.AppStore|Mixed Platforms.ActiveCfg = Debug|iPhoneSimulator
		{0D9636CD-6130-4C4E-8846-9AA8BCBB0536}.AppStore|Mixed Platforms.Build.0 = Debug|iPhoneSimulator
		{0D9636CD-6130-4C4E-8846-9AA8BCBB0536}.AppStore|Mixed Platforms.Deploy.0 = Debug|iPhoneSimulator
		{0D9636CD-6130-4C4E-8846-9AA8BCBB0536}.AppStore|x86.ActiveCfg = AppStore|iPhone
		{0D9636CD-6130-4C4E-8846-9AA8BCBB0536}.Debug|Any CPU.ActiveCfg = Debug|iPhone
		{0D9636CD-6130-4C4E-8846-9AA8BCBB0536}.Debug|ARM.ActiveCfg = Debug|iPhone
		{0D9636CD-6130-4C4E-8846-9AA8BCBB0536}.Debug|iPhone.ActiveCfg = Debug|iPhone
		{0D9636CD-6130-4C4E-8846-9AA8BCBB0536}.Debug|iPhone.Build.0 = Debug|iPhone
		{0D9636CD-6130-4C4E-8846-9AA8BCBB0536}.Debug|iPhone.Deploy.0 = Debug|iPhone
		{0D9636CD-6130-4C4E-8846-9AA8BCBB0536}.Debug|iPhoneSimulator.ActiveCfg = Debug|iPhoneSimulator
		{0D9636CD-6130-4C4E-8846-9AA8BCBB0536}.Debug|iPhoneSimulator.Build.0 = Debug|iPhoneSimulator
		{0D9636CD-6130-4C4E-8846-9AA8BCBB0536}.Debug|iPhoneSimulator.Deploy.0 = Debug|iPhoneSimulator
		{0D9636CD-6130-4C4E-8846-9AA8BCBB0536}.Debug|Mixed Platforms.ActiveCfg = Debug|iPhoneSimulator
		{0D9636CD-6130-4C4E-8846-9AA8BCBB0536}.Debug|Mixed Platforms.Build.0 = Debug|iPhoneSimulator
		{0D9636CD-6130-4C4E-8846-9AA8BCBB0536}.Debug|Mixed Platforms.Deploy.0 = Debug|iPhoneSimulator
		{0D9636CD-6130-4C4E-8846-9AA8BCBB0536}.Debug|x86.ActiveCfg = Debug|iPhone
		{0D9636CD-6130-4C4E-8846-9AA8BCBB0536}.Release|Any CPU.ActiveCfg = Release|iPhone
		{0D9636CD-6130-4C4E-8846-9AA8BCBB0536}.Release|ARM.ActiveCfg = Release|iPhone
		{0D9636CD-6130-4C4E-8846-9AA8BCBB0536}.Release|iPhone.ActiveCfg = Release|iPhone
		{0D9636CD-6130-4C4E-8846-9AA8BCBB0536}.Release|iPhone.Build.0 = Release|iPhone
		{0D9636CD-6130-4C4E-8846-9AA8BCBB0536}.Release|iPhone.Deploy.0 = Release|iPhone
		{0D9636CD-6130-4C4E-8846-9AA8BCBB0536}.Release|iPhoneSimulator.ActiveCfg = Release|iPhoneSimulator
		{0D9636CD-6130-4C4E-8846-9AA8BCBB0536}.Release|iPhoneSimulator.Build.0 = Release|iPhoneSimulator
		{0D9636CD-6130-4C4E-8846-9AA8BCBB0536}.Release|iPhoneSimulator.Deploy.0 = Release|iPhoneSimulator
		{0D9636CD-6130-4C4E-8846-9AA8BCBB0536}.Release|Mixed Platforms.ActiveCfg = Release|iPhone
		{0D9636CD-6130-4C4E-8846-9AA8BCBB0536}.Release|Mixed Platforms.Build.0 = Release|iPhone
		{0D9636CD-6130-4C4E-8846-9AA8BCBB0536}.Release|Mixed Platforms.Deploy.0 = Release|iPhone
		{0D9636CD-6130-4C4E-8846-9AA8BCBB0536}.Release|x86.ActiveCfg = Release|iPhone
		{476794C3-A75B-4926-8672-CB52A0526909}.Ad-Hoc|Any CPU.ActiveCfg = Release|Any CPU
		{476794C3-A75B-4926-8672-CB52A0526909}.Ad-Hoc|Any CPU.Build.0 = Release|Any CPU
		{476794C3-A75B-4926-8672-CB52A0526909}.Ad-Hoc|Any CPU.Deploy.0 = Release|Any CPU
		{476794C3-A75B-4926-8672-CB52A0526909}.Ad-Hoc|ARM.ActiveCfg = Release|Any CPU
		{476794C3-A75B-4926-8672-CB52A0526909}.Ad-Hoc|iPhone.ActiveCfg = Release|Any CPU
		{476794C3-A75B-4926-8672-CB52A0526909}.Ad-Hoc|iPhoneSimulator.ActiveCfg = Release|Any CPU
		{476794C3-A75B-4926-8672-CB52A0526909}.Ad-Hoc|Mixed Platforms.ActiveCfg = Release|Any CPU
		{476794C3-A75B-4926-8672-CB52A0526909}.Ad-Hoc|Mixed Platforms.Build.0 = Release|Any CPU
		{476794C3-A75B-4926-8672-CB52A0526909}.Ad-Hoc|Mixed Platforms.Deploy.0 = Release|Any CPU
		{476794C3-A75B-4926-8672-CB52A0526909}.Ad-Hoc|x86.ActiveCfg = Release|Any CPU
		{476794C3-A75B-4926-8672-CB52A0526909}.AppStore|Any CPU.ActiveCfg = Release|Any CPU
		{476794C3-A75B-4926-8672-CB52A0526909}.AppStore|Any CPU.Build.0 = Release|Any CPU
		{476794C3-A75B-4926-8672-CB52A0526909}.AppStore|Any CPU.Deploy.0 = Release|Any CPU
		{476794C3-A75B-4926-8672-CB52A0526909}.AppStore|ARM.ActiveCfg = Release|Any CPU
		{476794C3-A75B-4926-8672-CB52A0526909}.AppStore|iPhone.ActiveCfg = Release|Any CPU
		{476794C3-A75B-4926-8672-CB52A0526909}.AppStore|iPhoneSimulator.ActiveCfg = Release|Any CPU
		{476794C3-A75B-4926-8672-CB52A0526909}.AppStore|Mixed Platforms.ActiveCfg = Release|Any CPU
		{476794C3-A75B-4926-8672-CB52A0526909}.AppStore|Mixed Platforms.Build.0 = Release|Any CPU
		{476794C3-A75B-4926-8672-CB52A0526909}.AppStore|Mixed Platforms.Deploy.0 = Release|Any CPU
		{476794C3-A75B-4926-8672-CB52A0526909}.AppStore|x86.ActiveCfg = Release|Any CPU
		{476794C3-A75B-4926-8672-CB52A0526909}.Debug|Any CPU.ActiveCfg = Debug|Any CPU
		{476794C3-A75B-4926-8672-CB52A0526909}.Debug|Any CPU.Build.0 = Debug|Any CPU
		{476794C3-A75B-4926-8672-CB52A0526909}.Debug|Any CPU.Deploy.0 = Debug|Any CPU
		{476794C3-A75B-4926-8672-CB52A0526909}.Debug|ARM.ActiveCfg = Debug|Any CPU
		{476794C3-A75B-4926-8672-CB52A0526909}.Debug|iPhone.ActiveCfg = Debug|Any CPU
		{476794C3-A75B-4926-8672-CB52A0526909}.Debug|iPhoneSimulator.ActiveCfg = Debug|Any CPU
		{476794C3-A75B-4926-8672-CB52A0526909}.Debug|Mixed Platforms.ActiveCfg = Debug|Any CPU
		{476794C3-A75B-4926-8672-CB52A0526909}.Debug|Mixed Platforms.Build.0 = Debug|Any CPU
		{476794C3-A75B-4926-8672-CB52A0526909}.Debug|Mixed Platforms.Deploy.0 = Debug|Any CPU
		{476794C3-A75B-4926-8672-CB52A0526909}.Debug|x86.ActiveCfg = Debug|Any CPU
		{476794C3-A75B-4926-8672-CB52A0526909}.Release|Any CPU.ActiveCfg = Release|Any CPU
		{476794C3-A75B-4926-8672-CB52A0526909}.Release|Any CPU.Build.0 = Release|Any CPU
		{476794C3-A75B-4926-8672-CB52A0526909}.Release|Any CPU.Deploy.0 = Release|Any CPU
		{476794C3-A75B-4926-8672-CB52A0526909}.Release|ARM.ActiveCfg = Release|Any CPU
		{476794C3-A75B-4926-8672-CB52A0526909}.Release|iPhone.ActiveCfg = Release|Any CPU
		{476794C3-A75B-4926-8672-CB52A0526909}.Release|iPhoneSimulator.ActiveCfg = Release|Any CPU
		{476794C3-A75B-4926-8672-CB52A0526909}.Release|Mixed Platforms.ActiveCfg = Release|Any CPU
		{476794C3-A75B-4926-8672-CB52A0526909}.Release|Mixed Platforms.Build.0 = Release|Any CPU
		{476794C3-A75B-4926-8672-CB52A0526909}.Release|Mixed Platforms.Deploy.0 = Release|Any CPU
		{476794C3-A75B-4926-8672-CB52A0526909}.Release|x86.ActiveCfg = Release|Any CPU
	EndGlobalSection
	GlobalSection(SolutionProperties) = preSolution
		HideSolutionNode = FALSE
	EndGlobalSection
EndGlobal
